
Microsoft Visual Studio Solution File, Format Version 12.00
# Visual Studio Version 17
VisualStudioVersion = 17.9.34607.119
MinimumVisualStudioVersion = 10.0.40219.1
Project("{FAE04EC0-301F-11D3-BF4B-00C04F79EFBC}") = "Linkly", "Linkly\Linkly.csproj", "{CB2B96B8-972C-4B34-928A-040B546F15E2}"
EndProject
Global
	GlobalSection(SolutionConfigurationPlatforms) = preSolution
		Debug|Any CPU = Debug|Any CPU
		Release|Any CPU = Release|Any CPU
	EndGlobalSection
	GlobalSection(ProjectConfigurationPlatforms) = postSolution
		{CB2B96B8-972C-4B34-928A-040B546F15E2}.Debug|Any CPU.ActiveCfg = Debug|Any CPU
		{CB2B96B8-972C-4B34-928A-040B546F15E2}.Debug|Any CPU.Build.0 = Debug|Any CPU
		{CB2B96B8-972C-4B34-928A-040B546F15E2}.Release|Any CPU.ActiveCfg = Release|Any CPU
		{CB2B96B8-972C-4B34-928A-040B546F15E2}.Release|Any CPU.Build.0 = Release|Any CPU
	EndGlobalSection
	GlobalSection(SolutionProperties) = preSolution
		HideSolutionNode = FALSE
	EndGlobalSection
	GlobalSection(ExtensibilityGlobals) = postSolution
		SolutionGuid = {E1F35DBD-DC72-41E7-8CB3-6706C2676089}
	EndGlobalSection
EndGlobal
